github.com/nunocoracao/blowfish/v2 v2.72.1 h1:yMsJGazsF4TKdJIsVYERh9GvFh1eGesgoEfAJRv1jb4=
github.com/nunocoracao/blowfish/v2 v2.72.1/go.mod h1:4SkMc+Ht8gpQCwArqiHMBDP3soxi2OWuAhVney+cuyk=
github.com/nunocoracao/blowfish/v2 v2.90.0 h1:YWPCPA3FjipI5DNaKwd64d8xdQK0Km7scW+OJ4sX9mg=
github.com/nunocoracao/blowfish/v2 v2.90.0/go.mod h1:4SkMc+Ht8gpQCwArqiHMBDP3soxi2OWuAhVney+cuyk=
